
Microsoft Visual Studio Solution File, Format Version 12.00
# Visual Studio Version 16
VisualStudioVersion = 16.0.30711.63
MinimumVisualStudioVersion = 10.0.40219.1
Project("{FAE04EC0-301F-11D3-BF4B-00C04F79EFBC}") = "Assembly", "Assembly\Assembly.csproj", "{2A2D2842-E1D7-493D-9411-B95636676C3D}"
EndProject
Project("{9A19103F-16F7-4668-BE54-9A1E7A4F7556}") = "MVCApp", "MVCApp\MVCApp.csproj", "{EF68A70C-30E4-40C7-A289-8968C0C69A94}"
EndProject
Global
	GlobalSection(SolutionConfigurationPlatforms) = preSolution
		Debug|Any CPU = Debug|Any CPU
		Release|Any CPU = Release|Any CPU
	EndGlobalSection
	GlobalSection(ProjectConfigurationPlatforms) = postSolution
		{2A2D2842-E1D7-493D-9411-B95636676C3D}.Debug|Any CPU.ActiveCfg = Debug|Any CPU
		{2A2D2842-E1D7-493D-9411-B95636676C3D}.Debug|Any CPU.Build.0 = Debug|Any CPU
		{2A2D2842-E1D7-493D-9411-B95636676C3D}.Release|Any CPU.ActiveCfg = Release|Any CPU
		{2A2D2842-E1D7-493D-9411-B95636676C3D}.Release|Any CPU.Build.0 = Release|Any CPU
		{EF68A70C-30E4-40C7-A289-8968C0C69A94}.Debug|Any CPU.ActiveCfg = Debug|Any CPU
		{EF68A70C-30E4-40C7-A289-8968C0C69A94}.Debug|Any CPU.Build.0 = Debug|Any CPU
		{EF68A70C-30E4-40C7-A289-8968C0C69A94}.Release|Any CPU.ActiveCfg = Release|Any CPU
		{EF68A70C-30E4-40C7-A289-8968C0C69A94}.Release|Any CPU.Build.0 = Release|Any CPU
	EndGlobalSection
	GlobalSection(SolutionProperties) = preSolution
		HideSolutionNode = FALSE
	EndGlobalSection
	GlobalSection(ExtensibilityGlobals) = postSolution
		SolutionGuid = {F3F4FC0D-D39F-4ED3-871A-975D73B73BB0}
	EndGlobalSection
EndGlobal
